
Microsoft Visual Studio Solution File, Format Version 11.00
# Visual Studio 2010
Project("{8BC9CEB8-8B4A-11D0-8D11-00A0C91BC942}") = "project", "project.vcxproj", "{AADF71AC-DA6A-44D6-8DF3-1AD83429863B}"
EndProject
Project("{F088123C-0E9E-452A-89E6-6BA2F21D5CAC}") = "modeling_project", "modeling_project\modeling_project.modelproj", "{0D9E7538-502F-42AC-A172-E2D9A5936502}"
EndProject
Global
	GlobalSection(SolutionConfigurationPlatforms) = preSolution
		Debug|Any CPU = Debug|Any CPU
		Debug|Mixed Platforms = Debug|Mixed Platforms
		Debug|Win32 = Debug|Win32
		Debug|x64 = Debug|x64
		Release|Any CPU = Release|Any CPU
		Release|Mixed Platforms = Release|Mixed Platforms
		Release|Win32 = Release|Win32
		Release|x64 = Release|x64
	EndGlobalSection
	GlobalSection(ProjectConfigurationPlatforms) = postSolution
		{AADF71AC-DA6A-44D6-8DF3-1AD83429863B}.Debug|Any CPU.ActiveCfg = Debug|Win32
		{AADF71AC-DA6A-44D6-8DF3-1AD83429863B}.Debug|Mixed Platforms.ActiveCfg = Debug|Win32
		{AADF71AC-DA6A-44D6-8DF3-1AD83429863B}.Debug|Mixed Platforms.Build.0 = Debug|Win32
		{AADF71AC-DA6A-44D6-8DF3-1AD83429863B}.Debug|Win32.ActiveCfg = Debug|Win32
		{AADF71AC-DA6A-44D6-8DF3-1AD83429863B}.Debug|Win32.Build.0 = Debug|Win32
		{AADF71AC-DA6A-44D6-8DF3-1AD83429863B}.Debug|x64.ActiveCfg = Debug|x64
		{AADF71AC-DA6A-44D6-8DF3-1AD83429863B}.Debug|x64.Build.0 = Debug|x64
		{AADF71AC-DA6A-44D6-8DF3-1AD83429863B}.Release|Any CPU.ActiveCfg = Release|Win32
		{AADF71AC-DA6A-44D6-8DF3-1AD83429863B}.Release|Mixed Platforms.ActiveCfg = Release|Win32
		{AADF71AC-DA6A-44D6-8DF3-1AD83429863B}.Release|Mixed Platforms.Build.0 = Release|Win32
		{AADF71AC-DA6A-44D6-8DF3-1AD83429863B}.Release|Win32.ActiveCfg = Release|Win32
		{AADF71AC-DA6A-44D6-8DF3-1AD83429863B}.Release|Win32.Build.0 = Release|Win32
		{AADF71AC-DA6A-44D6-8DF3-1AD83429863B}.Release|x64.ActiveCfg = Release|x64
		{AADF71AC-DA6A-44D6-8DF3-1AD83429863B}.Release|x64.Build.0 = Release|x64
		{0D9E7538-502F-42AC-A172-E2D9A5936502}.Debug|Any CPU.ActiveCfg = Debug|Any CPU
		{0D9E7538-502F-42AC-A172-E2D9A5936502}.Debug|Any CPU.Build.0 = Debug|Any CPU
		{0D9E7538-502F-42AC-A172-E2D9A5936502}.Debug|Mixed Platforms.ActiveCfg = Debug|Any CPU
		{0D9E7538-502F-42AC-A172-E2D9A5936502}.Debug|Mixed Platforms.Build.0 = Debug|Any CPU
		{0D9E7538-502F-42AC-A172-E2D9A5936502}.Debug|Win32.ActiveCfg = Debug|Any CPU
		{0D9E7538-502F-42AC-A172-E2D9A5936502}.Debug|x64.ActiveCfg = Debug|Any CPU
		{0D9E7538-502F-42AC-A172-E2D9A5936502}.Release|Any CPU.ActiveCfg = Release|Any CPU
		{0D9E7538-502F-42AC-A172-E2D9A5936502}.Release|Any CPU.Build.0 = Release|Any CPU
		{0D9E7538-502F-42AC-A172-E2D9A5936502}.Release|Mixed Platforms.ActiveCfg = Release|Any CPU
		{0D9E7538-502F-42AC-A172-E2D9A5936502}.Release|Mixed Platforms.Build.0 = Release|Any CPU
		{0D9E7538-502F-42AC-A172-E2D9A5936502}.Release|Win32.ActiveCfg = Release|Any CPU
		{0D9E7538-502F-42AC-A172-E2D9A5936502}.Release|x64.ActiveCfg = Release|Any CPU
	EndGlobalSection
	GlobalSection(SolutionProperties) = preSolution
		HideSolutionNode = FALSE
	EndGlobalSection
	GlobalSection(SpecExplorer.ActivityCompletionStatus) = preSolution
		SpecExplorer.ActivityCompletionStatus = TestExisting: ;ModelFromScratch: 
	EndGlobalSection
EndGlobal
